PODS:
  - LocalisationManagerKit-iOS (1.0.0)
  - SwiftLint (0.39.2)
  - TapFontKit-iOS (0.0.1):
    - SwiftLint
    - TapSwiftFixes
  - TapSwiftFixes (1.0.9):
    - TapSwiftFixes/CoreGraphics (= 1.0.9)
    - TapSwiftFixes/Exceptions (= 1.0.9)
    - TapSwiftFixes/Threading (= 1.0.9)
  - TapSwiftFixes/CoreGraphics (1.0.9)
  - TapSwiftFixes/Exceptions (1.0.9)
  - TapSwiftFixes/Threading (1.0.9)

DEPENDENCIES:
  - LocalisationManagerKit-iOS
  - TapFontKit-iOS

SPEC REPOS:
  trunk:
    - LocalisationManagerKit-iOS
    - SwiftLint
    - TapFontKit-iOS
    - TapSwiftFixes

SPEC CHECKSUMS:
  LocalisationManagerKit-iOS: fe6a1f2e07d7bf73335675517d2f261f33124274
  SwiftLint: 22ccbbe3b8008684be5955693bab135e0ed6a447
  TapFontKit-iOS: 93506cc0eb3a56d891ed8ef827ef865a7f5bde93
  TapSwiftFixes: db2aeb21942dd81ee051a31ed319dab0d03547a2

PODFILE CHECKSUM: 13d557cc66d97f280f20f85578057676d4438dc7

COCOAPODS: 1.9.3
