PODS:
  - MBProgressHUD (1.2.0)
  - SSZipArchive (2.2.2)

DEPENDENCIES:
  - MBProgressHUD
  - SSZipArchive

SPEC REPOS:
  trunk:
    - MBProgressHUD
    - SSZipArchive

SPEC CHECKSUMS:
  MBProgressHUD: 3ee5efcc380f6a79a7cc9b363dd669c5e1ae7406
  SSZipArchive: fa16b8cc4cdeceb698e5e5d9f67e9558532fbf23

PODFILE CHECKSUM: 425f47ab1f213bbd60d43079e709fb98e3a16e34

COCOAPODS: 1.8.4
